
Microsoft Visual Studio Solution File, Format Version 12.00
# Visual Studio Version 16
VisualStudioVersion = 16.0.32901.82
MinimumVisualStudioVersion = 10.0.40219.1
Project("{FAE04EC0-301F-11D3-BF4B-00C04F79EFBC}") = "PerformanceTest", "src\PerformanceTest\PerformanceTest.csproj", "{86056F9D-4F4E-492B-BBC2-7A176043E42C}"
EndProject
Project("{FAE04EC0-301F-11D3-BF4B-00C04F79EFBC}") = "Measurement", "src\Measurement\Measurement.csproj", "{E315BFAB-D44B-4A75-82A3-1EEAF33B5717}"
EndProject
Project("{2150E333-8FDC-42A3-9474-1A3956D46DE8}") = "Target Projects", "Target Projects", "{A96102DB-4EF7-47B1-8A80-017FF6DF6F11}"
EndProject
Project("{FAE04EC0-301F-11D3-BF4B-00C04F79EFBC}") = "Delay", "src\TargetProjects\Delay\Delay.csproj", "{D070FDFD-BDF2-47C6-9325-DC2101869AA4}"
EndProject
Project("{FAE04EC0-301F-11D3-BF4B-00C04F79EFBC}") = "FailingTool", "src\TargetProjects\FailingTool\FailingTool.csproj", "{E722F30B-1666-4D52-B06E-1ED63E6580F8}"
EndProject
Project("{FAE04EC0-301F-11D3-BF4B-00C04F79EFBC}") = "PerformanceTest.Tests", "tests\PerformanceTest.Tests\PerformanceTest.Tests.csproj", "{1EED9387-18C3-43EF-96E9-C1490D918A03}"
EndProject
Project("{FAE04EC0-301F-11D3-BF4B-00C04F79EFBC}") = "LinearEquationSolver", "src\TargetProjects\LinearEquationSolver\LinearEquationSolver.csproj", "{F47B9C4D-EB12-4968-89C8-31C7FAD68B07}"
EndProject
Project("{FAE04EC0-301F-11D3-BF4B-00C04F79EFBC}") = "Measure", "src\Measure\Measure.csproj", "{28A4FBC0-843D-4119-A690-E156816E69F4}"
EndProject
Project("{FAE04EC0-301F-11D3-BF4B-00C04F79EFBC}") = "LocalPerformanceTest", "src\LocalPerformanceTest\LocalPerformanceTest.csproj", "{879E906F-D5A6-4332-97A7-6952F3C00ABC}"
EndProject
Project("{FAE04EC0-301F-11D3-BF4B-00C04F79EFBC}") = "PerformanceTest.Management", "src\PerformanceTest.Management\PerformanceTest.Management.csproj", "{84581DC8-04DC-4732-BC17-A79154CF67F1}"
EndProject
Project("{2150E333-8FDC-42A3-9474-1A3956D46DE8}") = "AzurePerformanceTest", "AzurePerformanceTest", "{702B1624-CB1F-40F5-AD78-4B0D52DACEB3}"
EndProject
Project("{FAE04EC0-301F-11D3-BF4B-00C04F79EFBC}") = "AzurePerformanceTestCommons", "src\AzurePerformanceTest\AzurePerformanceTestCommons\AzurePerformanceTestCommons.csproj", "{212C3662-8342-43D1-AC51-36AB067B13D7}"
EndProject
Project("{FAE04EC0-301F-11D3-BF4B-00C04F79EFBC}") = "AzurePerformanceTest", "src\AzurePerformanceTest\AzurePerformanceTest\AzurePerformanceTest.csproj", "{F7988676-DB1B-49E3-8821-EDB017290120}"
EndProject
Project("{FAE04EC0-301F-11D3-BF4B-00C04F79EFBC}") = "AzureWorker", "src\AzurePerformanceTest\AzureWorker\AzureWorker.csproj", "{89DBB143-52E0-4C0A-A637-911FE977161A}"
EndProject
Project("{FAE04EC0-301F-11D3-BF4B-00C04F79EFBC}") = "LaunchExperiment", "src\AzurePerformanceTest\LaunchExperiment\LaunchExperiment.csproj", "{9234FC54-8CC1-4BD8-9DB9-7222D993B0DC}"
EndProject
Project("{FAE04EC0-301F-11D3-BF4B-00C04F79EFBC}") = "Z3Domain", "src\Z3Domain\Z3Domain.csproj", "{CFA940BA-7127-4118-A9A5-97452C3897E1}"
EndProject
Project("{FAE04EC0-301F-11D3-BF4B-00C04F79EFBC}") = "NightlyRunner", "src\NightlyRunner\NightlyRunner.csproj", "{187CE57C-2840-4CFA-804B-7CE6CE382A71}"
EndProject
Project("{2150E333-8FDC-42A3-9474-1A3956D46DE8}") = "PowerShell Scripts", "PowerShell Scripts", "{B4F22393-52FE-4C9E-B86F-9AD838E94381}"
	ProjectSection(SolutionItems) = preProject
		Initialize.ps1 = Initialize.ps1
		NewNightlySchedule.ps1 = NewNightlySchedule.ps1
	EndProjectSection
EndProject
Project("{FAE04EC0-301F-11D3-BF4B-00C04F79EFBC}") = "Summary", "src\Summary\Summary.csproj", "{12135DAD-FAA7-4E97-B831-C9D55295151F}"
EndProject
Project("{FAE04EC0-301F-11D3-BF4B-00C04F79EFBC}") = "NightlyWebApp", "src\NightlyWebApp\NightlyWebApp.csproj", "{A6EBDABB-EDE3-4B6E-9EFC-3A71F817E4CA}"
EndProject
Project("{FAE04EC0-301F-11D3-BF4B-00C04F79EFBC}") = "DataProcessor", "src\DataProcessor\DataProcessor.csproj", "{C23B272A-604B-4831-8683-95625A6C4F60}"
EndProject
Global
	GlobalSection(SolutionConfigurationPlatforms) = preSolution
		Debug|Any CPU = Debug|Any CPU
		Release|Any CPU = Release|Any CPU
	EndGlobalSection
	GlobalSection(ProjectConfigurationPlatforms) = postSolution
		{86056F9D-4F4E-492B-BBC2-7A176043E42C}.Debug|Any CPU.ActiveCfg = Debug|Any CPU
		{86056F9D-4F4E-492B-BBC2-7A176043E42C}.Debug|Any CPU.Build.0 = Debug|Any CPU
		{86056F9D-4F4E-492B-BBC2-7A176043E42C}.Release|Any CPU.ActiveCfg = Release|Any CPU
		{86056F9D-4F4E-492B-BBC2-7A176043E42C}.Release|Any CPU.Build.0 = Release|Any CPU
		{E315BFAB-D44B-4A75-82A3-1EEAF33B5717}.Debug|Any CPU.ActiveCfg = Debug|Any CPU
		{E315BFAB-D44B-4A75-82A3-1EEAF33B5717}.Debug|Any CPU.Build.0 = Debug|Any CPU
		{E315BFAB-D44B-4A75-82A3-1EEAF33B5717}.Release|Any CPU.ActiveCfg = Release|Any CPU
		{E315BFAB-D44B-4A75-82A3-1EEAF33B5717}.Release|Any CPU.Build.0 = Release|Any CPU
		{D070FDFD-BDF2-47C6-9325-DC2101869AA4}.Debug|Any CPU.ActiveCfg = Debug|Any CPU
		{D070FDFD-BDF2-47C6-9325-DC2101869AA4}.Debug|Any CPU.Build.0 = Debug|Any CPU
		{D070FDFD-BDF2-47C6-9325-DC2101869AA4}.Release|Any CPU.ActiveCfg = Release|Any CPU
		{D070FDFD-BDF2-47C6-9325-DC2101869AA4}.Release|Any CPU.Build.0 = Release|Any CPU
		{E722F30B-1666-4D52-B06E-1ED63E6580F8}.Debug|Any CPU.ActiveCfg = Debug|Any CPU
		{E722F30B-1666-4D52-B06E-1ED63E6580F8}.Debug|Any CPU.Build.0 = Debug|Any CPU
		{E722F30B-1666-4D52-B06E-1ED63E6580F8}.Release|Any CPU.ActiveCfg = Release|Any CPU
		{E722F30B-1666-4D52-B06E-1ED63E6580F8}.Release|Any CPU.Build.0 = Release|Any CPU
		{1EED9387-18C3-43EF-96E9-C1490D918A03}.Debug|Any CPU.ActiveCfg = Debug|Any CPU
		{1EED9387-18C3-43EF-96E9-C1490D918A03}.Debug|Any CPU.Build.0 = Debug|Any CPU
		{1EED9387-18C3-43EF-96E9-C1490D918A03}.Release|Any CPU.ActiveCfg = Release|Any CPU
		{1EED9387-18C3-43EF-96E9-C1490D918A03}.Release|Any CPU.Build.0 = Release|Any CPU
		{F47B9C4D-EB12-4968-89C8-31C7FAD68B07}.Debug|Any CPU.ActiveCfg = Debug|Any CPU
		{F47B9C4D-EB12-4968-89C8-31C7FAD68B07}.Debug|Any CPU.Build.0 = Debug|Any CPU
		{F47B9C4D-EB12-4968-89C8-31C7FAD68B07}.Release|Any CPU.ActiveCfg = Release|Any CPU
		{F47B9C4D-EB12-4968-89C8-31C7FAD68B07}.Release|Any CPU.Build.0 = Release|Any CPU
		{28A4FBC0-843D-4119-A690-E156816E69F4}.Debug|Any CPU.ActiveCfg = Debug|Any CPU
		{28A4FBC0-843D-4119-A690-E156816E69F4}.Release|Any CPU.ActiveCfg = Release|Any CPU
		{28A4FBC0-843D-4119-A690-E156816E69F4}.Release|Any CPU.Build.0 = Release|Any CPU
		{879E906F-D5A6-4332-97A7-6952F3C00ABC}.Debug|Any CPU.ActiveCfg = Debug|Any CPU
		{879E906F-D5A6-4332-97A7-6952F3C00ABC}.Debug|Any CPU.Build.0 = Debug|Any CPU
		{879E906F-D5A6-4332-97A7-6952F3C00ABC}.Release|Any CPU.ActiveCfg = Release|Any CPU
		{879E906F-D5A6-4332-97A7-6952F3C00ABC}.Release|Any CPU.Build.0 = Release|Any CPU
		{84581DC8-04DC-4732-BC17-A79154CF67F1}.Debug|Any CPU.ActiveCfg = Debug|Any CPU
		{84581DC8-04DC-4732-BC17-A79154CF67F1}.Debug|Any CPU.Build.0 = Debug|Any CPU
		{84581DC8-04DC-4732-BC17-A79154CF67F1}.Release|Any CPU.ActiveCfg = Release|Any CPU
		{84581DC8-04DC-4732-BC17-A79154CF67F1}.Release|Any CPU.Build.0 = Release|Any CPU
		{212C3662-8342-43D1-AC51-36AB067B13D7}.Debug|Any CPU.ActiveCfg = Debug|Any CPU
		{212C3662-8342-43D1-AC51-36AB067B13D7}.Debug|Any CPU.Build.0 = Debug|Any CPU
		{212C3662-8342-43D1-AC51-36AB067B13D7}.Release|Any CPU.ActiveCfg = Release|Any CPU
		{212C3662-8342-43D1-AC51-36AB067B13D7}.Release|Any CPU.Build.0 = Release|Any CPU
		{F7988676-DB1B-49E3-8821-EDB017290120}.Debug|Any CPU.ActiveCfg = Debug|Any CPU
		{F7988676-DB1B-49E3-8821-EDB017290120}.Debug|Any CPU.Build.0 = Debug|Any CPU
		{F7988676-DB1B-49E3-8821-EDB017290120}.Release|Any CPU.ActiveCfg = Release|Any CPU
		{F7988676-DB1B-49E3-8821-EDB017290120}.Release|Any CPU.Build.0 = Release|Any CPU
		{89DBB143-52E0-4C0A-A637-911FE977161A}.Debug|Any CPU.ActiveCfg = Debug|Any CPU
		{89DBB143-52E0-4C0A-A637-911FE977161A}.Debug|Any CPU.Build.0 = Debug|Any CPU
		{89DBB143-52E0-4C0A-A637-911FE977161A}.Release|Any CPU.ActiveCfg = Release|Any CPU
		{89DBB143-52E0-4C0A-A637-911FE977161A}.Release|Any CPU.Build.0 = Release|Any CPU
		{9234FC54-8CC1-4BD8-9DB9-7222D993B0DC}.Debug|Any CPU.ActiveCfg = Debug|Any CPU
		{9234FC54-8CC1-4BD8-9DB9-7222D993B0DC}.Debug|Any CPU.Build.0 = Debug|Any CPU
		{9234FC54-8CC1-4BD8-9DB9-7222D993B0DC}.Release|Any CPU.ActiveCfg = Release|Any CPU
		{9234FC54-8CC1-4BD8-9DB9-7222D993B0DC}.Release|Any CPU.Build.0 = Release|Any CPU
		{CFA940BA-7127-4118-A9A5-97452C3897E1}.Debug|Any CPU.ActiveCfg = Debug|Any CPU
		{CFA940BA-7127-4118-A9A5-97452C3897E1}.Debug|Any CPU.Build.0 = Debug|Any CPU
		{CFA940BA-7127-4118-A9A5-97452C3897E1}.Release|Any CPU.ActiveCfg = Release|Any CPU
		{CFA940BA-7127-4118-A9A5-97452C3897E1}.Release|Any CPU.Build.0 = Release|Any CPU
		{187CE57C-2840-4CFA-804B-7CE6CE382A71}.Debug|Any CPU.ActiveCfg = Debug|Any CPU
		{187CE57C-2840-4CFA-804B-7CE6CE382A71}.Debug|Any CPU.Build.0 = Debug|Any CPU
		{187CE57C-2840-4CFA-804B-7CE6CE382A71}.Release|Any CPU.ActiveCfg = Release|Any CPU
		{187CE57C-2840-4CFA-804B-7CE6CE382A71}.Release|Any CPU.Build.0 = Release|Any CPU
		{12135DAD-FAA7-4E97-B831-C9D55295151F}.Debug|Any CPU.ActiveCfg = Debug|Any CPU
		{12135DAD-FAA7-4E97-B831-C9D55295151F}.Debug|Any CPU.Build.0 = Debug|Any CPU
		{12135DAD-FAA7-4E97-B831-C9D55295151F}.Release|Any CPU.ActiveCfg = Release|Any CPU
		{12135DAD-FAA7-4E97-B831-C9D55295151F}.Release|Any CPU.Build.0 = Release|Any CPU
		{A6EBDABB-EDE3-4B6E-9EFC-3A71F817E4CA}.Debug|Any CPU.ActiveCfg = Debug|Any CPU
		{A6EBDABB-EDE3-4B6E-9EFC-3A71F817E4CA}.Debug|Any CPU.Build.0 = Debug|Any CPU
		{A6EBDABB-EDE3-4B6E-9EFC-3A71F817E4CA}.Release|Any CPU.ActiveCfg = Release|Any CPU
		{A6EBDABB-EDE3-4B6E-9EFC-3A71F817E4CA}.Release|Any CPU.Build.0 = Release|Any CPU
		{C23B272A-604B-4831-8683-95625A6C4F60}.Debug|Any CPU.ActiveCfg = Debug|Any CPU
		{C23B272A-604B-4831-8683-95625A6C4F60}.Debug|Any CPU.Build.0 = Debug|Any CPU
		{C23B272A-604B-4831-8683-95625A6C4F60}.Release|Any CPU.ActiveCfg = Release|Any CPU
		{C23B272A-604B-4831-8683-95625A6C4F60}.Release|Any CPU.Build.0 = Release|Any CPU
	EndGlobalSection
	GlobalSection(SolutionProperties) = preSolution
		HideSolutionNode = FALSE
	EndGlobalSection
	GlobalSection(NestedProjects) = preSolution
		{D070FDFD-BDF2-47C6-9325-DC2101869AA4} = {A96102DB-4EF7-47B1-8A80-017FF6DF6F11}
		{E722F30B-1666-4D52-B06E-1ED63E6580F8} = {A96102DB-4EF7-47B1-8A80-017FF6DF6F11}
		{F47B9C4D-EB12-4968-89C8-31C7FAD68B07} = {A96102DB-4EF7-47B1-8A80-017FF6DF6F11}
		{212C3662-8342-43D1-AC51-36AB067B13D7} = {702B1624-CB1F-40F5-AD78-4B0D52DACEB3}
		{F7988676-DB1B-49E3-8821-EDB017290120} = {702B1624-CB1F-40F5-AD78-4B0D52DACEB3}
		{89DBB143-52E0-4C0A-A637-911FE977161A} = {702B1624-CB1F-40F5-AD78-4B0D52DACEB3}
		{9234FC54-8CC1-4BD8-9DB9-7222D993B0DC} = {702B1624-CB1F-40F5-AD78-4B0D52DACEB3}
		{187CE57C-2840-4CFA-804B-7CE6CE382A71} = {702B1624-CB1F-40F5-AD78-4B0D52DACEB3}
		{12135DAD-FAA7-4E97-B831-C9D55295151F} = {702B1624-CB1F-40F5-AD78-4B0D52DACEB3}
	EndGlobalSection
	GlobalSection(ExtensibilityGlobals) = postSolution
		SolutionGuid = {8C101CC7-0AFB-4CEC-945A-349A524E6BFA}
	EndGlobalSection
EndGlobal
